
Microsoft Visual Studio Solution File, Format Version 12.00
# Visual Studio Version 17
VisualStudioVersion = 17.0.31903.59
MinimumVisualStudioVersion = 10.0.40219.1
Project("{8BC9CEB8-8B4A-11D0-8D11-00A0C91BC942}") = "MediaLibrary", "MediaLibrary\MediaLibrary.vcxproj", "{4EFB3B93-C6A9-4871-96D7-92754641D57C}"
EndProject
Global
	GlobalSection(SolutionConfigurationPlatforms) = preSolution
		Debug|x64 = Debug|x64
		Debug|x86 = Debug|x86
		Release|x64 = Release|x64
		Release|x86 = Release|x86
	EndGlobalSection
	GlobalSection(ProjectConfigurationPlatforms) = postSolution
		{4EFB3B93-C6A9-4871-96D7-92754641D57C}.Debug|x64.ActiveCfg = Debug|x64
		{4EFB3B93-C6A9-4871-96D7-92754641D57C}.Debug|x64.Build.0 = Debug|x64
		{4EFB3B93-C6A9-4871-96D7-92754641D57C}.Debug|x86.ActiveCfg = Debug|Win32
		{4EFB3B93-C6A9-4871-96D7-92754641D57C}.Debug|x86.Build.0 = Debug|Win32
		{4EFB3B93-C6A9-4871-96D7-92754641D57C}.Release|x64.ActiveCfg = Release|x64
		{4EFB3B93-C6A9-4871-96D7-92754641D57C}.Release|x64.Build.0 = Release|x64
		{4EFB3B93-C6A9-4871-96D7-92754641D57C}.Release|x86.ActiveCfg = Release|Win32
		{4EFB3B93-C6A9-4871-96D7-92754641D57C}.Release|x86.Build.0 = Release|Win32
	EndGlobalSection
	GlobalSection(SolutionProperties) = preSolution
		HideSolutionNode = FALSE
	EndGlobalSection
	GlobalSection(ExtensibilityGlobals) = postSolution
		SolutionGuid = {555D9A3E-A8A4-49C0-BE4C-9ABD5E014603}
	EndGlobalSection
EndGlobal
